// !$*UTF8*$!
{
	archiveVersion = 1;
	classes = {
	};
	objectVersion = 46;
	objects = {

/* Begin PBXBuildFile section */
		CE8CF4F017D47A0B0062E5E6 /* UIKit.framework in Frameworks */ = {isa = PBXBuildFile; fileRef = CE8CF4EF17D47A0B0062E5E6 /* UIKit.framework */; };
		CE8CF4F217D47A0B0062E5E6 /* Foundation.framework in Frameworks */ = {isa = PBXBuildFile; fileRef = CE8CF4F117D47A0B0062E5E6 /* Foundation.framework */; };
		CE8CF4F417D47A0B0062E5E6 /* CoreGraphics.framework in Frameworks */ = {isa = PBXBuildFile; fileRef = CE8CF4F317D47A0B0062E5E6 /* CoreGraphics.framework */; };
		CE8CF4FA17D47A0B0062E5E6 /* InfoPlist.strings in Resources */ = {isa = PBXBuildFile; fileRef = CE8CF4F817D47A0B0062E5E6 /* InfoPlist.strings */; };
		CE8CF4FC17D47A0B0062E5E6 /* main.m in Sources */ = {isa = PBXBuildFile; fileRef = CE8CF4FB17D47A0B0062E5E6 /* main.m */; };
		CE8CF50017D47A0B0062E5E6 /* YAAppDelegate.m in Sources */ = {isa = PBXBuildFile; fileRef = CE8CF4FF17D47A0B0062E5E6 /* YAAppDelegate.m */; };
		CE8CF50217D47A0B0062E5E6 /* Default.png in Resources */ = {isa = PBXBuildFile; fileRef = CE8CF50117D47A0B0062E5E6 /* Default.png */; };
		CE8CF50417D47A0B0062E5E6 /* Default@2x.png in Resources */ = {isa = PBXBuildFile; fileRef = CE8CF50317D47A0B0062E5E6 /* Default@2x.png */; };
		CE8CF50617D47A0B0062E5E6 /* Default-568h@2x.png in Resources */ = {isa = PBXBuildFile; fileRef = CE8CF50517D47A0B0062E5E6 /* Default-568h@2x.png */; };
		CE8CF50917D47A0B0062E5E6 /* MainStoryboard.storyboard in Resources */ = {isa = PBXBuildFile; fileRef = CE8CF50717D47A0B0062E5E6 /* MainStoryboard.storyboard */; };
		CE8CF50C17D47A0B0062E5E6 /* YAViewController.m in Sources */ = {isa = PBXBuildFile; fileRef = CE8CF50B17D47A0B0062E5E6 /* YAViewController.m */; };
		CE8CF51617D486130062E5E6 /* photo1.jpg in Resources */ = {isa = PBXBuildFile; fileRef = CE8CF51517D486130062E5E6 /* photo1.jpg */; };
		CE8CF51917D486710062E5E6 /* YACollectionViewController.m in Sources */ = {isa = PBXBuildFile; fileRef = CE8CF51817D486710062E5E6 /* YACollectionViewController.m */; };
		CE8CF51B17D48C630062E5E6 /* Fashion-Marketing.jpg in Resources */ = {isa = PBXBuildFile; fileRef = CE8CF51A17D48C630062E5E6 /* Fashion-Marketing.jpg */; };
		CE8CF51E17D48DE50062E5E6 /* 28-star.png in Resources */ = {isa = PBXBuildFile; fileRef = CE8CF51C17D48DE50062E5E6 /* 28-star.png */; };
		CE8CF51F17D48DE50062E5E6 /* 28-star@2x.png in Resources */ = {isa = PBXBuildFile; fileRef = CE8CF51D17D48DE50062E5E6 /* 28-star@2x.png */; };
		CE8CF52217D48EDF0062E5E6 /* YAPhotoViewController.m in Sources */ = {isa = PBXBuildFile; fileRef = CE8CF52117D48EDF0062E5E6 /* YAPhotoViewController.m */; };
		CE8CF52517D492390062E5E6 /* 53-house.png in Resources */ = {isa = PBXBuildFile; fileRef = CE8CF52317D492390062E5E6 /* 53-house.png */; };
		CE8CF52617D492390062E5E6 /* 53-house@2x.png in Resources */ = {isa = PBXBuildFile; fileRef = CE8CF52417D492390062E5E6 /* 53-house@2x.png */; };
		CE8CF52B17D60C3F0062E5E6 /* AsyncImageView.m in Sources */ = {isa = PBXBuildFile; fileRef = CE8CF52A17D60C3F0062E5E6 /* AsyncImageView.m */; };
		CE8CF52E17D6208A0062E5E6 /* TextDownloader.m in Sources */ = {isa = PBXBuildFile; fileRef = CE8CF52D17D6208A0062E5E6 /* TextDownloader.m */; };
/* End PBXBuildFile section */

/* Begin PBXFileReference section */
		CE8CF4EC17D47A0B0062E5E6 /* LookBook.app */ = {isa = PBXFileReference; explicitFileType = wrapper.application; includeInIndex = 0; path = LookBook.app; sourceTree = BUILT_PRODUCTS_DIR; };
		CE8CF4EF17D47A0B0062E5E6 /* UIKit.framework */ = {isa = PBXFileReference; lastKnownFileType = wrapper.framework; name = UIKit.framework; path = System/Library/Frameworks/UIKit.framework; sourceTree = SDKROOT; };
		CE8CF4F117D47A0B0062E5E6 /* Foundation.framework */ = {isa = PBXFileReference; lastKnownFileType = wrapper.framework; name = Foundation.framework; path = System/Library/Frameworks/Foundation.framework; sourceTree = SDKROOT; };
		CE8CF4F317D47A0B0062E5E6 /* CoreGraphics.framework */ = {isa = PBXFileReference; lastKnownFileType = wrapper.framework; name = CoreGraphics.framework; path = System/Library/Frameworks/CoreGraphics.framework; sourceTree = SDKROOT; };
		CE8CF4F717D47A0B0062E5E6 /* LookBook-Info.plist */ = {isa = PBXFileReference; lastKnownFileType = text.plist.xml; path = "LookBook-Info.plist"; sourceTree = "<group>"; };
		CE8CF4F917D47A0B0062E5E6 /* en */ = {isa = PBXFileReference; lastKnownFileType = text.plist.strings; name = en; path = en.lproj/InfoPlist.strings; sourceTree = "<group>"; };
		CE8CF4FB17D47A0B0062E5E6 /* main.m */ = {isa = PBXFileReference; lastKnownFileType = sourcecode.c.objc; path = main.m; sourceTree = "<group>"; };
		CE8CF4FD17D47A0B0062E5E6 /* LookBook-Prefix.pch */ = {isa = PBXFileReference; lastKnownFileType = sourcecode.c.h; path = "LookBook-Prefix.pch"; sourceTree = "<group>"; };
		CE8CF4FE17D47A0B0062E5E6 /* YAAppDelegate.h */ = {isa = PBXFileReference; lastKnownFileType = sourcecode.c.h; path = YAAppDelegate.h; sourceTree = "<group>"; };
		CE8CF4FF17D47A0B0062E5E6 /* YAAppDelegate.m */ = {isa = PBXFileReference; lastKnownFileType = sourcecode.c.objc; path = YAAppDelegate.m; sourceTree = "<group>"; };
		CE8CF50117D47A0B0062E5E6 /* Default.png */ = {isa = PBXFileReference; lastKnownFileType = image.png; path = Default.png; sourceTree = "<group>"; };
		CE8CF50317D47A0B0062E5E6 /* Default@2x.png */ = {isa = PBXFileReference; lastKnownFileType = image.png; path = "Default@2x.png"; sourceTree = "<group>"; };
		CE8CF50517D47A0B0062E5E6 /* Default-568h@2x.png */ = {isa = PBXFileReference; lastKnownFileType = image.png; path = "Default-568h@2x.png"; sourceTree = "<group>"; };
		CE8CF50817D47A0B0062E5E6 /* en */ = {isa = PBXFileReference; lastKnownFileType = file.storyboard; name = en; path = en.lproj/MainStoryboard.storyboard; sourceTree = "<group>"; };
		CE8CF50A17D47A0B0062E5E6 /* YAViewController.h */ = {isa = PBXFileReference; lastKnownFileType = sourcecode.c.h; path = YAViewController.h; sourceTree = "<group>"; };
		CE8CF50B17D47A0B0062E5E6 /* YAViewController.m */ = {isa = PBXFileReference; lastKnownFileType = sourcecode.c.objc; path = YAViewController.m; sourceTree = "<group>"; };
		CE8CF51517D486130062E5E6 /* photo1.jpg */ = {isa = PBXFileReference; lastKnownFileType = image.jpeg; path = photo1.jpg; sourceTree = "<group>"; };
		CE8CF51717D486710062E5E6 /* YACollectionViewController.h */ = {isa = PBXFileReference; fileEncoding = 4; lastKnownFileType = sourcecode.c.h; path = YACollectionViewController.h; sourceTree = "<group>"; };
		CE8CF51817D486710062E5E6 /* YACollectionViewController.m */ = {isa = PBXFileReference; fileEncoding = 4; lastKnownFileType = sourcecode.c.objc; path = YACollectionViewController.m; sourceTree = "<group>"; };
		CE8CF51A17D48C630062E5E6 /* Fashion-Marketing.jpg */ = {isa = PBXFileReference; lastKnownFileType = image.jpeg; path = "Fashion-Marketing.jpg"; sourceTree = "<group>"; };
		CE8CF51C17D48DE50062E5E6 /* 28-star.png */ = {isa = PBXFileReference; lastKnownFileType = image.png; path = "28-star.png"; sourceTree = "<group>"; };
		CE8CF51D17D48DE50062E5E6 /* 28-star@2x.png */ = {isa = PBXFileReference; lastKnownFileType = image.png; path = "28-star@2x.png"; sourceTree = "<group>"; };
		CE8CF52017D48EDF0062E5E6 /* YAPhotoViewController.h */ = {isa = PBXFileReference; fileEncoding = 4; lastKnownFileType = sourcecode.c.h; path = YAPhotoViewController.h; sourceTree = "<group>"; };
		CE8CF52117D48EDF0062E5E6 /* YAPhotoViewController.m */ = {isa = PBXFileReference; fileEncoding = 4; lastKnownFileType = sourcecode.c.objc; path = YAPhotoViewController.m; sourceTree = "<group>"; };
		CE8CF52317D492390062E5E6 /* 53-house.png */ = {isa = PBXFileReference; lastKnownFileType = image.png; path = "53-house.png"; sourceTree = "<group>"; };
		CE8CF52417D492390062E5E6 /* 53-house@2x.png */ = {isa = PBXFileReference; lastKnownFileType = image.png; path = "53-house@2x.png"; sourceTree = "<group>"; };
		CE8CF52917D60C3F0062E5E6 /* AsyncImageView.h */ = {isa = PBXFileReference; fileEncoding = 4; lastKnownFileType = sourcecode.c.h; path = AsyncImageView.h; sourceTree = "<group>"; };
		CE8CF52A17D60C3F0062E5E6 /* AsyncImageView.m */ = {isa = PBXFileReference; fileEncoding = 4; lastKnownFileType = sourcecode.c.objc; path = AsyncImageView.m; sourceTree = "<group>"; };
		CE8CF52C17D6208A0062E5E6 /* TextDownloader.h */ = {isa = PBXFileReference; fileEncoding = 4; lastKnownFileType = sourcecode.c.h; name = TextDownloader.h; path = AsyncImageView/TextDownloader.h; sourceTree = "<group>"; };
		CE8CF52D17D6208A0062E5E6 /* TextDownloader.m */ = {isa = PBXFileReference; fileEncoding = 4; lastKnownFileType = sourcecode.c.objc; name = TextDownloader.m; path = AsyncImageView/TextDownloader.m; sourceTree = "<group>"; };
/* End PBXFileReference section */

/* Begin PBXFrameworksBuildPhase section */
		CE8CF4E917D47A0B0062E5E6 /* Frameworks */ = {
			isa = PBXFrameworksBuildPhase;
			buildActionMask = 2147483647;
			files = (
				CE8CF4F017D47A0B0062E5E6 /* UIKit.framework in Frameworks */,
				CE8CF4F217D47A0B0062E5E6 /* Foundation.framework in Frameworks */,
				CE8CF4F417D47A0B0062E5E6 /* CoreGraphics.framework in Frameworks */,
			);
			runOnlyForDeploymentPostprocessing = 0;
		};
/* End PBXFrameworksBuildPhase section */

/* Begin PBXGroup section */
		CE8CF4E317D47A0B0062E5E6 = {
			isa = PBXGroup;
			children = (
				CE8CF52C17D6208A0062E5E6 /* TextDownloader.h */,
				CE8CF52D17D6208A0062E5E6 /* TextDownloader.m */,
				CE8CF52817D60C3F0062E5E6 /* AsyncImageView */,
				CE8CF4F517D47A0B0062E5E6 /* LookBook */,
				CE8CF4EE17D47A0B0062E5E6 /* Frameworks */,
				CE8CF4ED17D47A0B0062E5E6 /* Products */,
			);
			sourceTree = "<group>";
		};
		CE8CF4ED17D47A0B0062E5E6 /* Products */ = {
			isa = PBXGroup;
			children = (
				CE8CF4EC17D47A0B0062E5E6 /* LookBook.app */,
			);
			name = Products;
			sourceTree = "<group>";
		};
		CE8CF4EE17D47A0B0062E5E6 /* Frameworks */ = {
			isa = PBXGroup;
			children = (
				CE8CF4EF17D47A0B0062E5E6 /* UIKit.framework */,
				CE8CF4F117D47A0B0062E5E6 /* Foundation.framework */,
				CE8CF4F317D47A0B0062E5E6 /* CoreGraphics.framework */,
			);
			name = Frameworks;
			sourceTree = "<group>";
		};
		CE8CF4F517D47A0B0062E5E6 /* LookBook */ = {
			isa = PBXGroup;
			children = (
				CE8CF52017D48EDF0062E5E6 /* YAPhotoViewController.h */,
				CE8CF52117D48EDF0062E5E6 /* YAPhotoViewController.m */,
				CE8CF51717D486710062E5E6 /* YACollectionViewController.h */,
				CE8CF51817D486710062E5E6 /* YACollectionViewController.m */,
				CE8CF4FE17D47A0B0062E5E6 /* YAAppDelegate.h */,
				CE8CF4FF17D47A0B0062E5E6 /* YAAppDelegate.m */,
				CE8CF50717D47A0B0062E5E6 /* MainStoryboard.storyboard */,
				CE8CF50A17D47A0B0062E5E6 /* YAViewController.h */,
				CE8CF50B17D47A0B0062E5E6 /* YAViewController.m */,
				CE8CF4F617D47A0B0062E5E6 /* Supporting Files */,
			);
			path = LookBook;
			sourceTree = "<group>";
		};
		CE8CF4F617D47A0B0062E5E6 /* Supporting Files */ = {
			isa = PBXGroup;
			children = (
				CE8CF52317D492390062E5E6 /* 53-house.png */,
				CE8CF52417D492390062E5E6 /* 53-house@2x.png */,
				CE8CF51C17D48DE50062E5E6 /* 28-star.png */,
				CE8CF51D17D48DE50062E5E6 /* 28-star@2x.png */,
				CE8CF51A17D48C630062E5E6 /* Fashion-Marketing.jpg */,
				CE8CF51517D486130062E5E6 /* photo1.jpg */,
				CE8CF4F717D47A0B0062E5E6 /* LookBook-Info.plist */,
				CE8CF4F817D47A0B0062E5E6 /* InfoPlist.strings */,
				CE8CF4FB17D47A0B0062E5E6 /* main.m */,
				CE8CF4FD17D47A0B0062E5E6 /* LookBook-Prefix.pch */,
				CE8CF50117D47A0B0062E5E6 /* Default.png */,
				CE8CF50317D47A0B0062E5E6 /* Default@2x.png */,
				CE8CF50517D47A0B0062E5E6 /* Default-568h@2x.png */,
			);
			name = "Supporting Files";
			sourceTree = "<group>";
		};
		CE8CF52817D60C3F0062E5E6 /* AsyncImageView */ = {
			isa = PBXGroup;
			children = (
				CE8CF52917D60C3F0062E5E6 /* AsyncImageView.h */,
				CE8CF52A17D60C3F0062E5E6 /* AsyncImageView.m */,
			);
			path = AsyncImageView;
			sourceTree = "<group>";
		};
/* End PBXGroup section */

/* Begin PBXNativeTarget section */
		CE8CF4EB17D47A0B0062E5E6 /* LookBook */ = {
			isa = PBXNativeTarget;
			buildConfigurationList = CE8CF50F17D47A0B0062E5E6 /* Build configuration list for PBXNativeTarget "LookBook" */;
			buildPhases = (
				CE8CF4E817D47A0B0062E5E6 /* Sources */,
				CE8CF4E917D47A0B0062E5E6 /* Frameworks */,
				CE8CF4EA17D47A0B0062E5E6 /* Resources */,
			);
			buildRules = (
			);
			dependencies = (
			);
			name = LookBook;
			productName = LookBook;
			productReference = CE8CF4EC17D47A0B0062E5E6 /* LookBook.app */;
			productType = "com.apple.product-type.application";
		};
/* End PBXNativeTarget section */

/* Begin PBXProject section */
		CE8CF4E417D47A0B0062E5E6 /* Project object */ = {
			isa = PBXProject;
			attributes = {
				CLASSPREFIX = YA;
				LastUpgradeCheck = 0460;
				ORGANIZATIONNAME = "Yula-Group";
			};
			buildConfigurationList = CE8CF4E717D47A0B0062E5E6 /* Build configuration list for PBXProject "LookBook" */;
			compatibilityVersion = "Xcode 3.2";
			developmentRegion = English;
			hasScannedForEncodings = 0;
			knownRegions = (
				en,
			);
			mainGroup = CE8CF4E317D47A0B0062E5E6;
			productRefGroup = CE8CF4ED17D47A0B0062E5E6 /* Products */;
			projectDirPath = "";
			projectRoot = "";
			targets = (
				CE8CF4EB17D47A0B0062E5E6 /* LookBook */,
			);
		};
/* End PBXProject section */

/* Begin PBXResourcesBuildPhase section */
		CE8CF4EA17D47A0B0062E5E6 /* Resources */ = {
			isa = PBXResourcesBuildPhase;
			buildActionMask = 2147483647;
			files = (
				CE8CF4FA17D47A0B0062E5E6 /* InfoPlist.strings in Resources */,
				CE8CF50217D47A0B0062E5E6 /* Default.png in Resources */,
				CE8CF50417D47A0B0062E5E6 /* Default@2x.png in Resources */,
				CE8CF50617D47A0B0062E5E6 /* Default-568h@2x.png in Resources */,
				CE8CF50917D47A0B0062E5E6 /* MainStoryboard.storyboard in Resources */,
				CE8CF51617D486130062E5E6 /* photo1.jpg in Resources */,
				CE8CF51B17D48C630062E5E6 /* Fashion-Marketing.jpg in Resources */,
				CE8CF51E17D48DE50062E5E6 /* 28-star.png in Resources */,
				CE8CF51F17D48DE50062E5E6 /* 28-star@2x.png in Resources */,
				CE8CF52517D492390062E5E6 /* 53-house.png in Resources */,
				CE8CF52617D492390062E5E6 /* 53-house@2x.png in Resources */,
			);
			runOnlyForDeploymentPostprocessing = 0;
		};
/* End PBXResourcesBuildPhase section */

/* Begin PBXSourcesBuildPhase section */
		CE8CF4E817D47A0B0062E5E6 /* Sources */ = {
			isa = PBXSourcesBuildPhase;
			buildActionMask = 2147483647;
			files = (
				CE8CF4FC17D47A0B0062E5E6 /* main.m in Sources */,
				CE8CF50017D47A0B0062E5E6 /* YAAppDelegate.m in Sources */,
				CE8CF50C17D47A0B0062E5E6 /* YAViewController.m in Sources */,
				CE8CF51917D486710062E5E6 /* YACollectionViewController.m in Sources */,
				CE8CF52217D48EDF0062E5E6 /* YAPhotoViewController.m in Sources */,
				CE8CF52B17D60C3F0062E5E6 /* AsyncImageView.m in Sources */,
				CE8CF52E17D6208A0062E5E6 /* TextDownloader.m in Sources */,
			);
			runOnlyForDeploymentPostprocessing = 0;
		};
/* End PBXSourcesBuildPhase section */

/* Begin PBXVariantGroup section */
		CE8CF4F817D47A0B0062E5E6 /* InfoPlist.strings */ = {
			isa = PBXVariantGroup;
			children = (
				CE8CF4F917D47A0B0062E5E6 /* en */,
			);
			name = InfoPlist.strings;
			sourceTree = "<group>";
		};
		CE8CF50717D47A0B0062E5E6 /* MainStoryboard.storyboard */ = {
			isa = PBXVariantGroup;
			children = (
				CE8CF50817D47A0B0062E5E6 /* en */,
			);
			name = MainStoryboard.storyboard;
			sourceTree = "<group>";
		};
/* End PBXVariantGroup section */

/* Begin XCBuildConfiguration section */
		CE8CF50D17D47A0B0062E5E6 /* Debug */ = {
			isa = XCBuildConfiguration;
			buildSettings = {
				ALWAYS_SEARCH_USER_PATHS = NO;
				CLANG_CXX_LANGUAGE_STANDARD = "gnu++0x";
				CLANG_CXX_LIBRARY = "libc++";
				CLANG_ENABLE_OBJC_ARC = YES;
				CLANG_WARN_CONSTANT_CONVERSION = YES;
				CLANG_WARN_EMPTY_BODY = YES;
				CLANG_WARN_ENUM_CONVERSION = YES;
				CLANG_WARN_INT_CONVERSION = YES;
				CLANG_WARN__DUPLICATE_METHOD_MATCH = YES;
				"CODE_SIGN_IDENTITY[sdk=iphoneos*]" = "iPhone Developer";
				COPY_PHASE_STRIP = NO;
				GCC_C_LANGUAGE_STANDARD = gnu99;
				GCC_DYNAMIC_NO_PIC = NO;
				GCC_OPTIMIZATION_LEVEL = 0;
				GCC_PREPROCESSOR_DEFINITIONS = (
					"DEBUG=1",
					"$(inherited)",
				);
				GCC_SYMBOLS_PRIVATE_EXTERN = NO;
				GCC_WARN_ABOUT_RETURN_TYPE = YES;
				GCC_WARN_UNINITIALIZED_AUTOS = YES;
				GCC_WARN_UNUSED_VARIABLE = YES;
				IPHONEOS_DEPLOYMENT_TARGET = 6.1;
				ONLY_ACTIVE_ARCH = YES;
				SDKROOT = iphoneos;
			};
			name = Debug;
		};
		CE8CF50E17D47A0B0062E5E6 /* Release */ = {
			isa = XCBuildConfiguration;
			buildSettings = {
				ALWAYS_SEARCH_USER_PATHS = NO;
				CLANG_CXX_LANGUAGE_STANDARD = "gnu++0x";
				CLANG_CXX_LIBRARY = "libc++";
				CLANG_ENABLE_OBJC_ARC = YES;
				CLANG_WARN_CONSTANT_CONVERSION = YES;
				CLANG_WARN_EMPTY_BODY = YES;
				CLANG_WARN_ENUM_CONVERSION = YES;
				CLANG_WARN_INT_CONVERSION = YES;
				CLANG_WARN__DUPLICATE_METHOD_MATCH = YES;
				"CODE_SIGN_IDENTITY[sdk=iphoneos*]" = "iPhone Developer";
				COPY_PHASE_STRIP = YES;
				GCC_C_LANGUAGE_STANDARD = gnu99;
				GCC_WARN_ABOUT_RETURN_TYPE = YES;
				GCC_WARN_UNINITIALIZED_AUTOS = YES;
				GCC_WARN_UNUSED_VARIABLE = YES;
				IPHONEOS_DEPLOYMENT_TARGET = 6.1;
				OTHER_CFLAGS = "-DNS_BLOCK_ASSERTIONS=1";
				SDKROOT = iphoneos;
				VALIDATE_PRODUCT = YES;
			};
			name = Release;
		};
		CE8CF51017D47A0B0062E5E6 /* Debug */ = {
			isa = XCBuildConfiguration;
			buildSettings = {
				GCC_PRECOMPILE_PREFIX_HEADER = YES;
				GCC_PREFIX_HEADER = "LookBook/LookBook-Prefix.pch";
				INFOPLIST_FILE = "LookBook/LookBook-Info.plist";
				PRODUCT_NAME = "$(TARGET_NAME)";
				WRAPPER_EXTENSION = app;
			};
			name = Debug;
		};
		CE8CF51117D47A0B0062E5E6 /* Release */ = {
			isa = XCBuildConfiguration;
			buildSettings = {
				GCC_PRECOMPILE_PREFIX_HEADER = YES;
				GCC_PREFIX_HEADER = "LookBook/LookBook-Prefix.pch";
				INFOPLIST_FILE = "LookBook/LookBook-Info.plist";
				PRODUCT_NAME = "$(TARGET_NAME)";
				WRAPPER_EXTENSION = app;
			};
			name = Release;
		};
/* End XCBuildConfiguration section */

/* Begin XCConfigurationList section */
		CE8CF4E717D47A0B0062E5E6 /* Build configuration list for PBXProject "LookBook" */ = {
			isa = XCConfigurationList;
			buildConfigurations = (
				CE8CF50D17D47A0B0062E5E6 /* Debug */,
				CE8CF50E17D47A0B0062E5E6 /* Release */,
			);
			defaultConfigurationIsVisible = 0;
			defaultConfigurationName = Release;
		};
		CE8CF50F17D47A0B0062E5E6 /* Build configuration list for PBXNativeTarget "LookBook" */ = {
			isa = XCConfigurationList;
			buildConfigurations = (
				CE8CF51017D47A0B0062E5E6 /* Debug */,
				CE8CF51117D47A0B0062E5E6 /* Release */,
			);
			defaultConfigurationIsVisible = 0;
		};
/* End XCConfigurationList section */
	};
	rootObject = CE8CF4E417D47A0B0062E5E6 /* Project object */;
}
